PODS:
  - Alamofire (4.9.1)
  - Kingfisher (7.3.0)

DEPENDENCIES:
  - Alamofire (~> 4.7)
  - Kingfisher

SPEC REPOS:
  trunk:
    - Alamofire
    - Kingfisher

SPEC CHECKSUMS:
  Alamofire: 85e8a02c69d6020a0d734f6054870d7ecb75cf18
  Kingfisher: cdb1189a9223b1bc028816bd47c8b8101a58831c

PODFILE CHECKSUM: 80ac3e5a2c917c5dec32292ed4e92538ec38d17e

COCOAPODS: 1.11.2
